Microsoft Visual Studio Solution File, Format Version 12.00
# Visual Studio Version 16
VisualStudioVersion = 16.0.28922.388
MinimumVisualStudioVersion = 10.0.40219.1
Project("{9A19103F-16F7-4668-BE54-9A1E7A4F7556}") = "MzmlParser", "MzmlParser\MzmlParser.csproj", "{98CBD6F8-5DF4-4D80-B25E-19862EA6B533}"
EndProject
Project("{9A19103F-16F7-4668-BE54-9A1E7A4F7556}") = "SwaMe", "SwaMe\SwaMe.csproj", "{A11DE82D-AF14-4F5B-BE52-10EF64E51944}"
EndProject
Project("{9A19103F-16F7-4668-BE54-9A1E7A4F7556}") = "LibraryParser", "LibraryParser\LibraryParser.csproj", "{DC33B002-23B9-4BE9-9D19-C663DF4D51A3}"
EndProject
Project("{9A19103F-16F7-4668-BE54-9A1E7A4F7556}") = "MzqcGenerator", "MzqcGenerator\MzqcGenerator.csproj", "{60EF5F87-175C-4BD9-AD1C-04E57A71232F}"
EndProject
Project("{9A19103F-16F7-4668-BE54-9A1E7A4F7556}") = "CWT", "CWT\CWT.csproj", "{95473CB6-E1A1-4E5A-96E4-D33E5332B037}"
EndProject
Project("{9A19103F-16F7-4668-BE54-9A1E7A4F7556}") = "CrawdadSharp", "CrawdadSharp\CrawdadSharp\CrawdadSharp.csproj", "{BAFB0E3D-8370-46FD-9CD5-804A4F7DC316}"
EndProject
Project("{9A19103F-16F7-4668-BE54-9A1E7A4F7556}") = "LibraryParser.Test", "LibraryParser.Test\LibraryParser.Test.csproj", "{92BEEDE4-3CA2-4D7A-993C-42144AC4A944}"
EndProject
Project("{9A19103F-16F7-4668-BE54-9A1E7A4F7556}") = "MzmlParser.Test", "MzmlParser.Test\MzmlParser.Test.csproj", "{CFF778E0-84F4-4865-9F7A-AB39039A95CB}"
EndProject
Project("{9A19103F-16F7-4668-BE54-9A1E7A4F7556}") = "SwaMe.Test", "SwaMe.Test\SwaMe.Test\SwaMe.Test.csproj", "{A4CB3D09-2D2F-4D23-ADD6-A2DC2C410874}"
EndProject
Project("{9A19103F-16F7-4668-BE54-9A1E7A4F7556}") = "MzqcGenerator.Test", "MzqcGenerator.Test\MzqcGenerator.Test.csproj", "{582D5594-BA9D-4294-B032-62323CE07349}"
EndProject
Project("{9A19103F-16F7-4668-BE54-9A1E7A4F7556}") = "SwaMe.Console", "SwaMe.Console\SwaMe.Console.csproj", "{4D44B154-8AFE-44C3-AF27-DCECC8A8D089}"
EndProject
Project("{9A19103F-16F7-4668-BE54-9A1E7A4F7556}") = "SwaMe.Prognosticator", "SwaMe.Prognosticator\SwaMe.Prognosticator.csproj", "{7586BF88-E88F-4D0F-A273-8F6CB6EFEA81}"
EndProject
Project("{9A19103F-16F7-4668-BE54-9A1E7A4F7556}") = "SwaMe.Desktop", "SwaMe.Desktop\SwaMe.Desktop.csproj", "{0BA0BF3C-E288-42BF-A165-943CAB8C921C}"
EndProject
Global
	GlobalSection(SolutionConfigurationPlatforms) = preSolution
		Debug|Any CPU = Debug|Any CPU
		Release|Any CPU = Release|Any CPU
	EndGlobalSection
	GlobalSection(ProjectConfigurationPlatforms) = postSolution
		{98CBD6F8-5DF4-4D80-B25E-19862EA6B533}.Debug|Any CPU.ActiveCfg = Debug|Any CPU
		{98CBD6F8-5DF4-4D80-B25E-19862EA6B533}.Debug|Any CPU.Build.0 = Debug|Any CPU
		{98CBD6F8-5DF4-4D80-B25E-19862EA6B533}.Release|Any CPU.ActiveCfg = Debug|Any CPU
		{98CBD6F8-5DF4-4D80-B25E-19862EA6B533}.Release|Any CPU.Build.0 = Debug|Any CPU
		{A11DE82D-AF14-4F5B-BE52-10EF64E51944}.Debug|Any CPU.ActiveCfg = Debug|Any CPU
		{A11DE82D-AF14-4F5B-BE52-10EF64E51944}.Debug|Any CPU.Build.0 = Debug|Any CPU
		{A11DE82D-AF14-4F5B-BE52-10EF64E51944}.Release|Any CPU.ActiveCfg = Debug|Any CPU
		{A11DE82D-AF14-4F5B-BE52-10EF64E51944}.Release|Any CPU.Build.0 = Debug|Any CPU
		{DC33B002-23B9-4BE9-9D19-C663DF4D51A3}.Debug|Any CPU.ActiveCfg = Debug|Any CPU
		{DC33B002-23B9-4BE9-9D19-C663DF4D51A3}.Debug|Any CPU.Build.0 = Debug|Any CPU
		{DC33B002-23B9-4BE9-9D19-C663DF4D51A3}.Release|Any CPU.ActiveCfg = Debug|Any CPU
		{DC33B002-23B9-4BE9-9D19-C663DF4D51A3}.Release|Any CPU.Build.0 = Debug|Any CPU
		{60EF5F87-175C-4BD9-AD1C-04E57A71232F}.Debug|Any CPU.ActiveCfg = Debug|Any CPU
		{60EF5F87-175C-4BD9-AD1C-04E57A71232F}.Debug|Any CPU.Build.0 = Debug|Any CPU
		{60EF5F87-175C-4BD9-AD1C-04E57A71232F}.Release|Any CPU.ActiveCfg = Debug|Any CPU
		{60EF5F87-175C-4BD9-AD1C-04E57A71232F}.Release|Any CPU.Build.0 = Debug|Any CPU
		{95473CB6-E1A1-4E5A-96E4-D33E5332B037}.Debug|Any CPU.ActiveCfg = Debug|Any CPU
		{95473CB6-E1A1-4E5A-96E4-D33E5332B037}.Debug|Any CPU.Build.0 = Debug|Any CPU
		{95473CB6-E1A1-4E5A-96E4-D33E5332B037}.Release|Any CPU.ActiveCfg = Debug|Any CPU
		{95473CB6-E1A1-4E5A-96E4-D33E5332B037}.Release|Any CPU.Build.0 = Debug|Any CPU
		{BAFB0E3D-8370-46FD-9CD5-804A4F7DC316}.Debug|Any CPU.ActiveCfg = Debug|Any CPU
		{BAFB0E3D-8370-46FD-9CD5-804A4F7DC316}.Debug|Any CPU.Build.0 = Debug|Any CPU
		{BAFB0E3D-8370-46FD-9CD5-804A4F7DC316}.Release|Any CPU.ActiveCfg = Debug|Any CPU
		{BAFB0E3D-8370-46FD-9CD5-804A4F7DC316}.Release|Any CPU.Build.0 = Debug|Any CPU
		{92BEEDE4-3CA2-4D7A-993C-42144AC4A944}.Debug|Any CPU.ActiveCfg = Debug|Any CPU
		{92BEEDE4-3CA2-4D7A-993C-42144AC4A944}.Debug|Any CPU.Build.0 = Debug|Any CPU
		{92BEEDE4-3CA2-4D7A-993C-42144AC4A944}.Release|Any CPU.ActiveCfg = Debug|Any CPU
		{92BEEDE4-3CA2-4D7A-993C-42144AC4A944}.Release|Any CPU.Build.0 = Debug|Any CPU
		{CFF778E0-84F4-4865-9F7A-AB39039A95CB}.Debug|Any CPU.ActiveCfg = Debug|Any CPU
		{CFF778E0-84F4-4865-9F7A-AB39039A95CB}.Debug|Any CPU.Build.0 = Debug|Any CPU
		{CFF778E0-84F4-4865-9F7A-AB39039A95CB}.Release|Any CPU.ActiveCfg = Debug|Any CPU
		{CFF778E0-84F4-4865-9F7A-AB39039A95CB}.Release|Any CPU.Build.0 = Debug|Any CPU
		{A4CB3D09-2D2F-4D23-ADD6-A2DC2C410874}.Debug|Any CPU.ActiveCfg = Debug|Any CPU
		{A4CB3D09-2D2F-4D23-ADD6-A2DC2C410874}.Debug|Any CPU.Build.0 = Debug|Any CPU
		{A4CB3D09-2D2F-4D23-ADD6-A2DC2C410874}.Release|Any CPU.ActiveCfg = Debug|Any CPU
		{A4CB3D09-2D2F-4D23-ADD6-A2DC2C410874}.Release|Any CPU.Build.0 = Debug|Any CPU
		{582D5594-BA9D-4294-B032-62323CE07349}.Debug|Any CPU.ActiveCfg = Debug|Any CPU
		{582D5594-BA9D-4294-B032-62323CE07349}.Debug|Any CPU.Build.0 = Debug|Any CPU
		{582D5594-BA9D-4294-B032-62323CE07349}.Release|Any CPU.ActiveCfg = Debug|Any CPU
		{582D5594-BA9D-4294-B032-62323CE07349}.Release|Any CPU.Build.0 = Debug|Any CPU
		{4D44B154-8AFE-44C3-AF27-DCECC8A8D089}.Debug|Any CPU.ActiveCfg = Debug|Any CPU
		{4D44B154-8AFE-44C3-AF27-DCECC8A8D089}.Debug|Any CPU.Build.0 = Debug|Any CPU
		{4D44B154-8AFE-44C3-AF27-DCECC8A8D089}.Release|Any CPU.ActiveCfg = Debug|Any CPU
		{4D44B154-8AFE-44C3-AF27-DCECC8A8D089}.Release|Any CPU.Build.0 = Debug|Any CPU
		{7586BF88-E88F-4D0F-A273-8F6CB6EFEA81}.Debug|Any CPU.ActiveCfg = Debug|Any CPU
		{7586BF88-E88F-4D0F-A273-8F6CB6EFEA81}.Debug|Any CPU.Build.0 = Debug|Any CPU
		{7586BF88-E88F-4D0F-A273-8F6CB6EFEA81}.Release|Any CPU.ActiveCfg = Debug|Any CPU
		{7586BF88-E88F-4D0F-A273-8F6CB6EFEA81}.Release|Any CPU.Build.0 = Debug|Any CPU
		{0BA0BF3C-E288-42BF-A165-943CAB8C921C}.Debug|Any CPU.ActiveCfg = Debug|Any CPU
		{0BA0BF3C-E288-42BF-A165-943CAB8C921C}.Debug|Any CPU.Build.0 = Debug|Any CPU
		{0BA0BF3C-E288-42BF-A165-943CAB8C921C}.Release|Any CPU.ActiveCfg = Debug|Any CPU
	EndGlobalSection
	GlobalSection(SolutionProperties) = preSolution
		HideSolutionNode = FALSE
	EndGlobalSection
	GlobalSection(ExtensibilityGlobals) = postSolution
		SolutionGuid = {57D5CB00-C4C2-4722-B33F-E52A21158E53}
	EndGlobalSection
EndGlobal
